// !$*UTF8*$!
{
	archiveVersion = 1;
	classes = {
	};
	objectVersion = 50;
	objects = {

/* Begin PBXBuildFile section */
		E20F3B1426ACBD3000F84402 /* PooPal.xcdatamodeld in Sources */ = {isa = PBXBuildFile; fileRef = E2B8AA1326ACA6320037BAB8 /* PooPal.xcdatamodeld */; };
		E21A25BC26B0F21A00E703B2 /* CreateReminderButton.swift in Sources */ = {isa = PBXBuildFile; fileRef = E21A25BB26B0F21A00E703B2 /* CreateReminderButton.swift */; };
		E2B8AA0926ACA6310037BAB8 /* PooPalApp.swift in Sources */ = {isa = PBXBuildFile; fileRef = E2B8AA0826ACA6310037BAB8 /* PooPalApp.swift */; };
		E2B8AA0B26ACA6310037BAB8 /* ContentView.swift in Sources */ = {isa = PBXBuildFile; fileRef = E2B8AA0A26ACA6310037BAB8 /* ContentView.swift */; };
		E2B8AA0D26ACA6320037BAB8 /* Assets.xcassets in Resources */ = {isa = PBXBuildFile; fileRef = E2B8AA0C26ACA6320037BAB8 /* Assets.xcassets */; };
		E2B8AA1026ACA6320037BAB8 /* Preview Assets.xcassets in Resources */ = {isa = PBXBuildFile; fileRef = E2B8AA0F26ACA6320037BAB8 /* Preview Assets.xcassets */; };
		E2B8AA1226ACA6320037BAB8 /* Persistence.swift in Sources */ = {isa = PBXBuildFile; fileRef = E2B8AA1126ACA6320037BAB8 /* Persistence.swift */; };
		E2B8AA2026ACA6320037BAB8 /* PooPalTests.swift in Sources */ = {isa = PBXBuildFile; fileRef = E2B8AA1F26ACA6320037BAB8 /* PooPalTests.swift */; };
		E2B8AA2B26ACA6320037BAB8 /* PooPalUITests.swift in Sources */ = {isa = PBXBuildFile; fileRef = E2B8AA2A26ACA6320037BAB8 /* PooPalUITests.swift */; };
		E2C2A4CA26AD29B100FFA43B /* MapView.swift in Sources */ = {isa = PBXBuildFile; fileRef = E2C2A4C926AD29B100FFA43B /* MapView.swift */; };
		ED9B5A4026ACED26000B1BB2 /* LocationManager.swift in Sources */ = {isa = PBXBuildFile; fileRef = ED9B5A3F26ACED26000B1BB2 /* LocationManager.swift */; };
/* End PBXBuildFile section */

/* Begin PBXContainerItemProxy section */
		E2B8AA1C26ACA6320037BAB8 /* PBXContainerItemProxy */ = {
			isa = PBXContainerItemProxy;
			containerPortal = E2B8A9FD26ACA6310037BAB8 /* Project object */;
			proxyType = 1;
			remoteGlobalIDString = E2B8AA0426ACA6310037BAB8;
			remoteInfo = PooPal;
		};
		E2B8AA2726ACA6320037BAB8 /* PBXContainerItemProxy */ = {
			isa = PBXContainerItemProxy;
			containerPortal = E2B8A9FD26ACA6310037BAB8 /* Project object */;
			proxyType = 1;
			remoteGlobalIDString = E2B8AA0426ACA6310037BAB8;
			remoteInfo = PooPal;
		};
/* End PBXContainerItemProxy section */

/* Begin PBXFileReference section */
		E21A25BB26B0F21A00E703B2 /* CreateReminderButton.swift */ = {isa = PBXFileReference; lastKnownFileType = sourcecode.swift; path = CreateReminderButton.swift; sourceTree = "<group>"; };
		E2B8AA0526ACA6310037BAB8 /* PooPal.app */ = {isa = PBXFileReference; explicitFileType = wrapper.application; includeInIndex = 0; path = PooPal.app; sourceTree = BUILT_PRODUCTS_DIR; };
		E2B8AA0826ACA6310037BAB8 /* PooPalApp.swift */ = {isa = PBXFileReference; lastKnownFileType = sourcecode.swift; path = PooPalApp.swift; sourceTree = "<group>"; };
		E2B8AA0A26ACA6310037BAB8 /* ContentView.swift */ = {isa = PBXFileReference; lastKnownFileType = sourcecode.swift; path = ContentView.swift; sourceTree = "<group>"; };
		E2B8AA0C26ACA6320037BAB8 /* Assets.xcassets */ = {isa = PBXFileReference; lastKnownFileType = folder.assetcatalog; path = Assets.xcassets; sourceTree = "<group>"; };
		E2B8AA0F26ACA6320037BAB8 /* Preview Assets.xcassets */ = {isa = PBXFileReference; lastKnownFileType = folder.assetcatalog; path = "Preview Assets.xcassets"; sourceTree = "<group>"; };
		E2B8AA1126ACA6320037BAB8 /* Persistence.swift */ = {isa = PBXFileReference; lastKnownFileType = sourcecode.swift; path = Persistence.swift; sourceTree = "<group>"; };
		E2B8AA1426ACA6320037BAB8 /* PooPal.xcdatamodel */ = {isa = PBXFileReference; lastKnownFileType = wrapper.xcdatamodel; path = PooPal.xcdatamodel; sourceTree = "<group>"; };
		E2B8AA1626ACA6320037BAB8 /* Info.plist */ = {isa = PBXFileReference; lastKnownFileType = text.plist.xml; path = Info.plist; sourceTree = "<group>"; };
		E2B8AA1B26ACA6320037BAB8 /* PooPalTests.xctest */ = {isa = PBXFileReference; explicitFileType = wrapper.cfbundle; includeInIndex = 0; path = PooPalTests.xctest; sourceTree = BUILT_PRODUCTS_DIR; };
		E2B8AA1F26ACA6320037BAB8 /* PooPalTests.swift */ = {isa = PBXFileReference; lastKnownFileType = sourcecode.swift; path = PooPalTests.swift; sourceTree = "<group>"; };
		E2B8AA2126ACA6320037BAB8 /* Info.plist */ = {isa = PBXFileReference; lastKnownFileType = text.plist.xml; path = Info.plist; sourceTree = "<group>"; };
		E2B8AA2626ACA6320037BAB8 /* PooPalUITests.xctest */ = {isa = PBXFileReference; explicitFileType = wrapper.cfbundle; includeInIndex = 0; path = PooPalUITests.xctest; sourceTree = BUILT_PRODUCTS_DIR; };
		E2B8AA2A26ACA6320037BAB8 /* PooPalUITests.swift */ = {isa = PBXFileReference; lastKnownFileType = sourcecode.swift; path = PooPalUITests.swift; sourceTree = "<group>"; };
		E2B8AA2C26ACA6320037BAB8 /* Info.plist */ = {isa = PBXFileReference; lastKnownFileType = text.plist.xml; path = Info.plist; sourceTree = "<group>"; };
		E2C2A4C926AD29B100FFA43B /* MapView.swift */ = {isa = PBXFileReference; lastKnownFileType = sourcecode.swift; path = MapView.swift; sourceTree = "<group>"; };
		ED9B5A3F26ACED26000B1BB2 /* LocationManager.swift */ = {isa = PBXFileReference; lastKnownFileType = sourcecode.swift; path = LocationManager.swift; sourceTree = "<group>"; };
/* End PBXFileReference section */

/* Begin PBXFrameworksBuildPhase section */
		E2B8AA0226ACA6310037BAB8 /* Frameworks */ = {
			isa = PBXFrameworksBuildPhase;
			buildActionMask = 2147483647;
			files = (
			);
			runOnlyForDeploymentPostprocessing = 0;
		};
		E2B8AA1826ACA6320037BAB8 /* Frameworks */ = {
			isa = PBXFrameworksBuildPhase;
			buildActionMask = 2147483647;
			files = (
			);
			runOnlyForDeploymentPostprocessing = 0;
		};
		E2B8AA2326ACA6320037BAB8 /* Frameworks */ = {
			isa = PBXFrameworksBuildPhase;
			buildActionMask = 2147483647;
			files = (
			);
			runOnlyForDeploymentPostprocessing = 0;
		};
/* End PBXFrameworksBuildPhase section */

/* Begin PBXGroup section */
		E2B8A9FC26ACA6310037BAB8 = {
			isa = PBXGroup;
			children = (
				E2B8AA0726ACA6310037BAB8 /* PooPal */,
				E2B8AA1E26ACA6320037BAB8 /* PooPalTests */,
				E2B8AA2926ACA6320037BAB8 /* PooPalUITests */,
				E2B8AA0626ACA6310037BAB8 /* Products */,
			);
			sourceTree = "<group>";
		};
		E2B8AA0626ACA6310037BAB8 /* Products */ = {
			isa = PBXGroup;
			children = (
				E2B8AA0526ACA6310037BAB8 /* PooPal.app */,
				E2B8AA1B26ACA6320037BAB8 /* PooPalTests.xctest */,
				E2B8AA2626ACA6320037BAB8 /* PooPalUITests.xctest */,
			);
			name = Products;
			sourceTree = "<group>";
		};
		E2B8AA0726ACA6310037BAB8 /* PooPal */ = {
			isa = PBXGroup;
			children = (
				E2B8AA0826ACA6310037BAB8 /* PooPalApp.swift */,
				E21A25BB26B0F21A00E703B2 /* CreateReminderButton.swift */,
				E2B8AA0A26ACA6310037BAB8 /* ContentView.swift */,
				ED9B5A3F26ACED26000B1BB2 /* LocationManager.swift */,
				E2B8AA0C26ACA6320037BAB8 /* Assets.xcassets */,
				E2B8AA1126ACA6320037BAB8 /* Persistence.swift */,
				E2B8AA1626ACA6320037BAB8 /* Info.plist */,
				E2B8AA1326ACA6320037BAB8 /* PooPal.xcdatamodeld */,
				E2B8AA0E26ACA6320037BAB8 /* Preview Content */,
				E2C2A4C926AD29B100FFA43B /* MapView.swift */,
			);
			path = PooPal;
			sourceTree = "<group>";
		};
		E2B8AA0E26ACA6320037BAB8 /* Preview Content */ = {
			isa = PBXGroup;
			children = (
				E2B8AA0F26ACA6320037BAB8 /* Preview Assets.xcassets */,
			);
			path = "Preview Content";
			sourceTree = "<group>";
		};
		E2B8AA1E26ACA6320037BAB8 /* PooPalTests */ = {
			isa = PBXGroup;
			children = (
				E2B8AA1F26ACA6320037BAB8 /* PooPalTests.swift */,
				E2B8AA2126ACA6320037BAB8 /* Info.plist */,
			);
			path = PooPalTests;
			sourceTree = "<group>";
		};
		E2B8AA2926ACA6320037BAB8 /* PooPalUITests */ = {
			isa = PBXGroup;
			children = (
				E2B8AA2A26ACA6320037BAB8 /* PooPalUITests.swift */,
				E2B8AA2C26ACA6320037BAB8 /* Info.plist */,
			);
			path = PooPalUITests;
			sourceTree = "<group>";
		};
/* End PBXGroup section */

/* Begin PBXNativeTarget section */
		E2B8AA0426ACA6310037BAB8 /* PooPal */ = {
			isa = PBXNativeTarget;
			buildConfigurationList = E2B8AA2F26ACA6320037BAB8 /* Build configuration list for PBXNativeTarget "PooPal" */;
			buildPhases = (
				E2B8AA0126ACA6310037BAB8 /* Sources */,
				E2B8AA0226ACA6310037BAB8 /* Frameworks */,
				E2B8AA0326ACA6310037BAB8 /* Resources */,
			);
			buildRules = (
			);
			dependencies = (
			);
			name = PooPal;
			productName = PooPal;
			productReference = E2B8AA0526ACA6310037BAB8 /* PooPal.app */;
			productType = "com.apple.product-type.application";
		};
		E2B8AA1A26ACA6320037BAB8 /* PooPalTests */ = {
			isa = PBXNativeTarget;
			buildConfigurationList = E2B8AA3226ACA6320037BAB8 /* Build configuration list for PBXNativeTarget "PooPalTests" */;
			buildPhases = (
				E2B8AA1726ACA6320037BAB8 /* Sources */,
				E2B8AA1826ACA6320037BAB8 /* Frameworks */,
				E2B8AA1926ACA6320037BAB8 /* Resources */,
			);
			buildRules = (
			);
			dependencies = (
				E2B8AA1D26ACA6320037BAB8 /* PBXTargetDependency */,
			);
			name = PooPalTests;
			productName = PooPalTests;
			productReference = E2B8AA1B26ACA6320037BAB8 /* PooPalTests.xctest */;
			productType = "com.apple.product-type.bundle.unit-test";
		};
		E2B8AA2526ACA6320037BAB8 /* PooPalUITests */ = {
			isa = PBXNativeTarget;
			buildConfigurationList = E2B8AA3526ACA6320037BAB8 /* Build configuration list for PBXNativeTarget "PooPalUITests" */;
			buildPhases = (
				E2B8AA2226ACA6320037BAB8 /* Sources */,
				E2B8AA2326ACA6320037BAB8 /* Frameworks */,
				E2B8AA2426ACA6320037BAB8 /* Resources */,
			);
			buildRules = (
			);
			dependencies = (
				E2B8AA2826ACA6320037BAB8 /* PBXTargetDependency */,
			);
			name = PooPalUITests;
			productName = PooPalUITests;
			productReference = E2B8AA2626ACA6320037BAB8 /* PooPalUITests.xctest */;
			productType = "com.apple.product-type.bundle.ui-testing";
		};
/* End PBXNativeTarget section */

/* Begin PBXProject section */
		E2B8A9FD26ACA6310037BAB8 /* Project object */ = {
			isa = PBXProject;
			attributes = {
				LastSwiftUpdateCheck = 1250;
				LastUpgradeCheck = 1250;
				TargetAttributes = {
					E2B8AA0426ACA6310037BAB8 = {
						CreatedOnToolsVersion = 12.5.1;
					};
					E2B8AA1A26ACA6320037BAB8 = {
						CreatedOnToolsVersion = 12.5.1;
						TestTargetID = E2B8AA0426ACA6310037BAB8;
					};
					E2B8AA2526ACA6320037BAB8 = {
						CreatedOnToolsVersion = 12.5.1;
						TestTargetID = E2B8AA0426ACA6310037BAB8;
					};
				};
			};
			buildConfigurationList = E2B8AA0026ACA6310037BAB8 /* Build configuration list for PBXProject "PooPal" */;
			compatibilityVersion = "Xcode 9.3";
			developmentRegion = en;
			hasScannedForEncodings = 0;
			knownRegions = (
				en,
				Base,
			);
			mainGroup = E2B8A9FC26ACA6310037BAB8;
			productRefGroup = E2B8AA0626ACA6310037BAB8 /* Products */;
			projectDirPath = "";
			projectRoot = "";
			targets = (
				E2B8AA0426ACA6310037BAB8 /* PooPal */,
				E2B8AA1A26ACA6320037BAB8 /* PooPalTests */,
				E2B8AA2526ACA6320037BAB8 /* PooPalUITests */,
			);
		};
/* End PBXProject section */

/* Begin PBXResourcesBuildPhase section */
		E2B8AA0326ACA6310037BAB8 /* Resources */ = {
			isa = PBXResourcesBuildPhase;
			buildActionMask = 2147483647;
			files = (
				E2B8AA1026ACA6320037BAB8 /* Preview Assets.xcassets in Resources */,
				E2B8AA0D26ACA6320037BAB8 /* Assets.xcassets in Resources */,
			);
			runOnlyForDeploymentPostprocessing = 0;
		};
		E2B8AA1926ACA6320037BAB8 /* Resources */ = {
			isa = PBXResourcesBuildPhase;
			buildActionMask = 2147483647;
			files = (
			);
			runOnlyForDeploymentPostprocessing = 0;
		};
		E2B8AA2426ACA6320037BAB8 /* Resources */ = {
			isa = PBXResourcesBuildPhase;
			buildActionMask = 2147483647;
			files = (
			);
			runOnlyForDeploymentPostprocessing = 0;
		};
/* End PBXResourcesBuildPhase section */

/* Begin PBXSourcesBuildPhase section */
		E2B8AA0126ACA6310037BAB8 /* Sources */ = {
			isa = PBXSourcesBuildPhase;
			buildActionMask = 2147483647;
			files = (
				E2B8AA1226ACA6320037BAB8 /* Persistence.swift in Sources */,
				E2C2A4CA26AD29B100FFA43B /* MapView.swift in Sources */,
				E2B8AA0B26ACA6310037BAB8 /* ContentView.swift in Sources */,
				ED9B5A4026ACED26000B1BB2 /* LocationManager.swift in Sources */,
				E20F3B1426ACBD3000F84402 /* PooPal.xcdatamodeld in Sources */,
				E2B8AA0926ACA6310037BAB8 /* PooPalApp.swift in Sources */,
				E21A25BC26B0F21A00E703B2 /* CreateReminderButton.swift in Sources */,
			);
			runOnlyForDeploymentPostprocessing = 0;
		};
		E2B8AA1726ACA6320037BAB8 /* Sources */ = {
			isa = PBXSourcesBuildPhase;
			buildActionMask = 2147483647;
			files = (
				E2B8AA2026ACA6320037BAB8 /* PooPalTests.swift in Sources */,
			);
			runOnlyForDeploymentPostprocessing = 0;
		};
		E2B8AA2226ACA6320037BAB8 /* Sources */ = {
			isa = PBXSourcesBuildPhase;
			buildActionMask = 2147483647;
			files = (
				E2B8AA2B26ACA6320037BAB8 /* PooPalUITests.swift in Sources */,
			);
			runOnlyForDeploymentPostprocessing = 0;
		};
/* End PBXSourcesBuildPhase section */

/* Begin PBXTargetDependency section */
		E2B8AA1D26ACA6320037BAB8 /* PBXTargetDependency */ = {
			isa = PBXTargetDependency;
			target = E2B8AA0426ACA6310037BAB8 /* PooPal */;
			targetProxy = E2B8AA1C26ACA6320037BAB8 /* PBXContainerItemProxy */;
		};
		E2B8AA2826ACA6320037BAB8 /* PBXTargetDependency */ = {
			isa = PBXTargetDependency;
			target = E2B8AA0426ACA6310037BAB8 /* PooPal */;
			targetProxy = E2B8AA2726ACA6320037BAB8 /* PBXContainerItemProxy */;
		};
/* End PBXTargetDependency section */

/* Begin XCBuildConfiguration section */
		E2B8AA2D26ACA6320037BAB8 /* Debug */ = {
			isa = XCBuildConfiguration;
			buildSettings = {
				ALWAYS_SEARCH_USER_PATHS = NO;
				CLANG_ANALYZER_NONNULL = YES;
				CLANG_ANALYZER_NUMBER_OBJECT_CONVERSION = YES_AGGRESSIVE;
				CLANG_CXX_LANGUAGE_STANDARD = "gnu++14";
				CLANG_CXX_LIBRARY = "libc++";
				CLANG_ENABLE_MODULES = YES;
				CLANG_ENABLE_OBJC_ARC = YES;
				CLANG_ENABLE_OBJC_WEAK = YES;
				CLANG_WARN_BLOCK_CAPTURE_AUTORELEASING = YES;
				CLANG_WARN_BOOL_CONVERSION = YES;
				CLANG_WARN_COMMA = YES;
				CLANG_WARN_CONSTANT_CONVERSION = YES;
				CLANG_WARN_DEPRECATED_OBJC_IMPLEMENTATIONS = YES;
				CLANG_WARN_DIRECT_OBJC_ISA_USAGE = YES_ERROR;
				CLANG_WARN_DOCUMENTATION_COMMENTS = YES;
				CLANG_WARN_EMPTY_BODY = YES;
				CLANG_WARN_ENUM_CONVERSION = YES;
				CLANG_WARN_INFINITE_RECURSION = YES;
				CLANG_WARN_INT_CONVERSION = YES;
				CLANG_WARN_NON_LITERAL_NULL_CONVERSION = YES;
				CLANG_WARN_OBJC_IMPLICIT_RETAIN_SELF = YES;
				CLANG_WARN_OBJC_LITERAL_CONVERSION = YES;
				CLANG_WARN_OBJC_ROOT_CLASS = YES_ERROR;
				CLANG_WARN_QUOTED_INCLUDE_IN_FRAMEWORK_HEADER = YES;
				CLANG_WARN_RANGE_LOOP_ANALYSIS = YES;
				CLANG_WARN_STRICT_PROTOTYPES = YES;
				CLANG_WARN_SUSPICIOUS_MOVE = YES;
				CLANG_WARN_UNGUARDED_AVAILABILITY = YES_AGGRESSIVE;
				CLANG_WARN_UNREACHABLE_CODE = YES;
				CLANG_WARN__DUPLICATE_METHOD_MATCH = YES;
				COPY_PHASE_STRIP = NO;
				DEBUG_INFORMATION_FORMAT = dwarf;
				ENABLE_STRICT_OBJC_MSGSEND = YES;
				ENABLE_TESTABILITY = YES;
				GCC_C_LANGUAGE_STANDARD = gnu11;
				GCC_DYNAMIC_NO_PIC = NO;
				GCC_NO_COMMON_BLOCKS = YES;
				GCC_OPTIMIZATION_LEVEL = 0;
				GCC_PREPROCESSOR_DEFINITIONS = (
					"DEBUG=1",
					"$(inherited)",
				);
				GCC_WARN_64_TO_32_BIT_CONVERSION = YES;
				GCC_WARN_ABOUT_RETURN_TYPE = YES_ERROR;
				GCC_WARN_UNDECLARED_SELECTOR = YES;
				GCC_WARN_UNINITIALIZED_AUTOS = YES_AGGRESSIVE;
				GCC_WARN_UNUSED_FUNCTION = YES;
				GCC_WARN_UNUSED_VARIABLE = YES;
				IPHONEOS_DEPLOYMENT_TARGET = 14.5;
				MTL_ENABLE_DEBUG_INFO = INCLUDE_SOURCE;
				MTL_FAST_MATH = YES;
				ONLY_ACTIVE_ARCH = YES;
				SDKROOT = iphoneos;
				SWIFT_ACTIVE_COMPILATION_CONDITIONS = DEBUG;
				SWIFT_OPTIMIZATION_LEVEL = "-Onone";
			};
			name = Debug;
		};
		E2B8AA2E26ACA6320037BAB8 /* Release */ = {
			isa = XCBuildConfiguration;
			buildSettings = {
				ALWAYS_SEARCH_USER_PATHS = NO;
				CLANG_ANALYZER_NONNULL = YES;
				CLANG_ANALYZER_NUMBER_OBJECT_CONVERSION = YES_AGGRESSIVE;
				CLANG_CXX_LANGUAGE_STANDARD = "gnu++14";
				CLANG_CXX_LIBRARY = "libc++";
				CLANG_ENABLE_MODULES = YES;
				CLANG_ENABLE_OBJC_ARC = YES;
				CLANG_ENABLE_OBJC_WEAK = YES;
				CLANG_WARN_BLOCK_CAPTURE_AUTORELEASING = YES;
				CLANG_WARN_BOOL_CONVERSION = YES;
				CLANG_WARN_COMMA = YES;
				CLANG_WARN_CONSTANT_CONVERSION = YES;
				CLANG_WARN_DEPRECATED_OBJC_IMPLEMENTATIONS = YES;
				CLANG_WARN_DIRECT_OBJC_ISA_USAGE = YES_ERROR;
				CLANG_WARN_DOCUMENTATION_COMMENTS = YES;
				CLANG_WARN_EMPTY_BODY = YES;
				CLANG_WARN_ENUM_CONVERSION = YES;
				CLANG_WARN_INFINITE_RECURSION = YES;
				CLANG_WARN_INT_CONVERSION = YES;
				CLANG_WARN_NON_LITERAL_NULL_CONVERSION = YES;
				CLANG_WARN_OBJC_IMPLICIT_RETAIN_SELF = YES;
				CLANG_WARN_OBJC_LITERAL_CONVERSION = YES;
				CLANG_WARN_OBJC_ROOT_CLASS = YES_ERROR;
				CLANG_WARN_QUOTED_INCLUDE_IN_FRAMEWORK_HEADER = YES;
				CLANG_WARN_RANGE_LOOP_ANALYSIS = YES;
				CLANG_WARN_STRICT_PROTOTYPES = YES;
				CLANG_WARN_SUSPICIOUS_MOVE = YES;
				CLANG_WARN_UNGUARDED_AVAILABILITY = YES_AGGRESSIVE;
				CLANG_WARN_UNREACHABLE_CODE = YES;
				CLANG_WARN__DUPLICATE_METHOD_MATCH = YES;
				COPY_PHASE_STRIP = NO;
				DEBUG_INFORMATION_FORMAT = "dwarf-with-dsym";
				ENABLE_NS_ASSERTIONS = NO;
				ENABLE_STRICT_OBJC_MSGSEND = YES;
				GCC_C_LANGUAGE_STANDARD = gnu11;
				GCC_NO_COMMON_BLOCKS = YES;
				GCC_WARN_64_TO_32_BIT_CONVERSION = YES;
				GCC_WARN_ABOUT_RETURN_TYPE = YES_ERROR;
				GCC_WARN_UNDECLARED_SELECTOR = YES;
				GCC_WARN_UNINITIALIZED_AUTOS = YES_AGGRESSIVE;
				GCC_WARN_UNUSED_FUNCTION = YES;
				GCC_WARN_UNUSED_VARIABLE = YES;
				IPHONEOS_DEPLOYMENT_TARGET = 14.5;
				MTL_ENABLE_DEBUG_INFO = NO;
				MTL_FAST_MATH = YES;
				SDKROOT = iphoneos;
				SWIFT_COMPILATION_MODE = wholemodule;
				SWIFT_OPTIMIZATION_LEVEL = "-O";
				VALIDATE_PRODUCT = YES;
			};
			name = Release;
		};
		E2B8AA3026ACA6320037BAB8 /* Debug */ = {
			isa = XCBuildConfiguration;
			buildSettings = {
				ASSETCATALOG_COMPILER_APPICON_NAME = AppIcon;
				ASSETCATALOG_COMPILER_GLOBAL_ACCENT_COLOR_NAME = AccentColor;
				CODE_SIGN_STYLE = Automatic;
				DEVELOPMENT_ASSET_PATHS = "\"PooPal/Preview Content\"";
				DEVELOPMENT_TEAM = CPFART5UPT;
				ENABLE_PREVIEWS = YES;
				INFOPLIST_FILE = PooPal/Info.plist;
				IPHONEOS_DEPLOYMENT_TARGET = 14.0;
				LD_RUNPATH_SEARCH_PATHS = (
					"$(inherited)",
					"@executable_path/Frameworks",
				);
				PRODUCT_BUNDLE_IDENTIFIER = com.robotsodadesign.PooPal;
				PRODUCT_NAME = "$(TARGET_NAME)";
				SWIFT_VERSION = 5.0;
				TARGETED_DEVICE_FAMILY = "1,2";
			};
			name = Debug;
		};
		E2B8AA3126ACA6320037BAB8 /* Release */ = {
			isa = XCBuildConfiguration;
			buildSettings = {
				ASSETCATALOG_COMPILER_APPICON_NAME = AppIcon;
				ASSETCATALOG_COMPILER_GLOBAL_ACCENT_COLOR_NAME = AccentColor;
				CODE_SIGN_STYLE = Automatic;
				DEVELOPMENT_ASSET_PATHS = "\"PooPal/Preview Content\"";
				DEVELOPMENT_TEAM = CPFART5UPT;
				ENABLE_PREVIEWS = YES;
				INFOPLIST_FILE = PooPal/Info.plist;
				IPHONEOS_DEPLOYMENT_TARGET = 14.0;
				LD_RUNPATH_SEARCH_PATHS = (
					"$(inherited)",
					"@executable_path/Frameworks",
				);
				PRODUCT_BUNDLE_IDENTIFIER = com.robotsodadesign.PooPal;
				PRODUCT_NAME = "$(TARGET_NAME)";
				SWIFT_VERSION = 5.0;
				TARGETED_DEVICE_FAMILY = "1,2";
			};
			name = Release;
		};
		E2B8AA3326ACA6320037BAB8 /* Debug */ = {
			isa = XCBuildConfiguration;
			buildSettings = {
				ALWAYS_EMBED_SWIFT_STANDARD_LIBRARIES = YES;
				BUNDLE_LOADER = "$(TEST_HOST)";
				CODE_SIGN_STYLE = Automatic;
				DEVELOPMENT_TEAM = CPFART5UPT;
				INFOPLIST_FILE = PooPalTests/Info.plist;
				IPHONEOS_DEPLOYMENT_TARGET = 14.0;
				LD_RUNPATH_SEARCH_PATHS = (
					"$(inherited)",
					"@executable_path/Frameworks",
					"@loader_path/Frameworks",
				);
				PRODUCT_BUNDLE_IDENTIFIER = com.robotsodadesign.PooPalTests;
				PRODUCT_NAME = "$(TARGET_NAME)";
				SWIFT_VERSION = 5.0;
				TARGETED_DEVICE_FAMILY = "1,2";
				TEST_HOST = "$(BUILT_PRODUCTS_DIR)/PooPal.app/PooPal";
			};
			name = Debug;
		};
		E2B8AA3426ACA6320037BAB8 /* Release */ = {
			isa = XCBuildConfiguration;
			buildSettings = {
				ALWAYS_EMBED_SWIFT_STANDARD_LIBRARIES = YES;
				BUNDLE_LOADER = "$(TEST_HOST)";
				CODE_SIGN_STYLE = Automatic;
				DEVELOPMENT_TEAM = CPFART5UPT;
				INFOPLIST_FILE = PooPalTests/Info.plist;
				IPHONEOS_DEPLOYMENT_TARGET = 14.0;
				LD_RUNPATH_SEARCH_PATHS = (
					"$(inherited)",
					"@executable_path/Frameworks",
					"@loader_path/Frameworks",
				);
				PRODUCT_BUNDLE_IDENTIFIER = com.robotsodadesign.PooPalTests;
				PRODUCT_NAME = "$(TARGET_NAME)";
				SWIFT_VERSION = 5.0;
				TARGETED_DEVICE_FAMILY = "1,2";
				TEST_HOST = "$(BUILT_PRODUCTS_DIR)/PooPal.app/PooPal";
			};
			name = Release;
		};
		E2B8AA3626ACA6320037BAB8 /* Debug */ = {
			isa = XCBuildConfiguration;
			buildSettings = {
				ALWAYS_EMBED_SWIFT_STANDARD_LIBRARIES = YES;
				CODE_SIGN_STYLE = Automatic;
				DEVELOPMENT_TEAM = CPFART5UPT;
				INFOPLIST_FILE = PooPalUITests/Info.plist;
				LD_RUNPATH_SEARCH_PATHS = (
					"$(inherited)",
					"@executable_path/Frameworks",
					"@loader_path/Frameworks",
				);
				PRODUCT_BUNDLE_IDENTIFIER = com.robotsodadesign.PooPalUITests;
				PRODUCT_NAME = "$(TARGET_NAME)";
				SWIFT_VERSION = 5.0;
				TARGETED_DEVICE_FAMILY = "1,2";
				TEST_TARGET_NAME = PooPal;
			};
			name = Debug;
		};
		E2B8AA3726ACA6320037BAB8 /* Release */ = {
			isa = XCBuildConfiguration;
			buildSettings = {
				ALWAYS_EMBED_SWIFT_STANDARD_LIBRARIES = YES;
				CODE_SIGN_STYLE = Automatic;
				DEVELOPMENT_TEAM = CPFART5UPT;
				INFOPLIST_FILE = PooPalUITests/Info.plist;
				LD_RUNPATH_SEARCH_PATHS = (
					"$(inherited)",
					"@executable_path/Frameworks",
					"@loader_path/Frameworks",
				);
				PRODUCT_BUNDLE_IDENTIFIER = com.robotsodadesign.PooPalUITests;
				PRODUCT_NAME = "$(TARGET_NAME)";
				SWIFT_VERSION = 5.0;
				TARGETED_DEVICE_FAMILY = "1,2";
				TEST_TARGET_NAME = PooPal;
			};
			name = Release;
		};
/* End XCBuildConfiguration section */

/* Begin XCConfigurationList section */
		E2B8AA0026ACA6310037BAB8 /* Build configuration list for PBXProject "PooPal" */ = {
			isa = XCConfigurationList;
			buildConfigurations = (
				E2B8AA2D26ACA6320037BAB8 /* Debug */,
				E2B8AA2E26ACA6320037BAB8 /* Release */,
			);
			defaultConfigurationIsVisible = 0;
			defaultConfigurationName = Release;
		};
		E2B8AA2F26ACA6320037BAB8 /* Build configuration list for PBXNativeTarget "PooPal" */ = {
			isa = XCConfigurationList;
			buildConfigurations = (
				E2B8AA3026ACA6320037BAB8 /* Debug */,
				E2B8AA3126ACA6320037BAB8 /* Release */,
			);
			defaultConfigurationIsVisible = 0;
			defaultConfigurationName = Release;
		};
		E2B8AA3226ACA6320037BAB8 /* Build configuration list for PBXNativeTarget "PooPalTests" */ = {
			isa = XCConfigurationList;
			buildConfigurations = (
				E2B8AA3326ACA6320037BAB8 /* Debug */,
				E2B8AA3426ACA6320037BAB8 /* Release */,
			);
			defaultConfigurationIsVisible = 0;
			defaultConfigurationName = Release;
		};
		E2B8AA3526ACA6320037BAB8 /* Build configuration list for PBXNativeTarget "PooPalUITests" */ = {
			isa = XCConfigurationList;
			buildConfigurations = (
				E2B8AA3626ACA6320037BAB8 /* Debug */,
				E2B8AA3726ACA6320037BAB8 /* Release */,
			);
			defaultConfigurationIsVisible = 0;
			defaultConfigurationName = Release;
		};
/* End XCConfigurationList section */

/* Begin XCVersionGroup section */
		E2B8AA1326ACA6320037BAB8 /* PooPal.xcdatamodeld */ = {
			isa = XCVersionGroup;
			children = (
				E2B8AA1426ACA6320037BAB8 /* PooPal.xcdatamodel */,
			);
			currentVersion = E2B8AA1426ACA6320037BAB8 /* PooPal.xcdatamodel */;
			path = PooPal.xcdatamodeld;
			sourceTree = "<group>";
			versionGroupType = wrapper.xcdatamodel;
		};
/* End XCVersionGroup section */
	};
	rootObject = E2B8A9FD26ACA6310037BAB8 /* Project object */;
}
